// !$*UTF8*$!
{
	archiveVersion = 1;
	classes = {
	};
	objectVersion = 56;
	objects = {

/* Begin PBXBuildFile section */
		7D73A8BB298BE58F001D9C1F /* Kingfisher in Frameworks */ = {isa = PBXBuildFile; productRef = 7D73A8BA298BE58F001D9C1F /* Kingfisher */; };
		7D73A8C4298C167E001D9C1F /* Product.swift in Sources */ = {isa = PBXBuildFile; fileRef = 7D73A8C3298C167E001D9C1F /* Product.swift */; };
		7D856145298AAA70007FF7C1 /* AppDelegate.swift in Sources */ = {isa = PBXBuildFile; fileRef = 7D856144298AAA70007FF7C1 /* AppDelegate.swift */; };
		7D856147298AAA70007FF7C1 /* SceneDelegate.swift in Sources */ = {isa = PBXBuildFile; fileRef = 7D856146298AAA70007FF7C1 /* SceneDelegate.swift */; };
		7D856149298AAA70007FF7C1 /* HomePageViewController.swift in Sources */ = {isa = PBXBuildFile; fileRef = 7D856148298AAA70007FF7C1 /* HomePageViewController.swift */; };
		7D85614E298AAA70007FF7C1 /* Assets.xcassets in Resources */ = {isa = PBXBuildFile; fileRef = 7D85614D298AAA70007FF7C1 /* Assets.xcassets */; };
		7D856151298AAA70007FF7C1 /* LaunchScreen.storyboard in Resources */ = {isa = PBXBuildFile; fileRef = 7D85614F298AAA70007FF7C1 /* LaunchScreen.storyboard */; };
		7D85615C298ACC32007FF7C1 /* RxCocoa in Frameworks */ = {isa = PBXBuildFile; productRef = 7D85615B298ACC32007FF7C1 /* RxCocoa */; };
		7D85615E298ACC32007FF7C1 /* RxSwift in Frameworks */ = {isa = PBXBuildFile; productRef = 7D85615D298ACC32007FF7C1 /* RxSwift */; };
		7D856160298AF461007FF7C1 /* CollectionViewCell.swift in Sources */ = {isa = PBXBuildFile; fileRef = 7D85615F298AF461007FF7C1 /* CollectionViewCell.swift */; };
		7DB136D7298D05B000C222AB /* DetailViewController.swift in Sources */ = {isa = PBXBuildFile; fileRef = 7DB136D6298D05B000C222AB /* DetailViewController.swift */; };
		7DB136DE298D167300C222AB /* Extension+UI.swift in Sources */ = {isa = PBXBuildFile; fileRef = 7DB136DD298D167300C222AB /* Extension+UI.swift */; };
		7DBECD51298EA7020048AD61 /* CategoryViewController.swift in Sources */ = {isa = PBXBuildFile; fileRef = 7DBECD50298EA7020048AD61 /* CategoryViewController.swift */; };
		7DBECD59298EB4770048AD61 /* CategoryTableViewCell.swift in Sources */ = {isa = PBXBuildFile; fileRef = 7DBECD58298EB4770048AD61 /* CategoryTableViewCell.swift */; };
		7DFF39CE298D4CC6006E782C /* RequestType.swift in Sources */ = {isa = PBXBuildFile; fileRef = 7DFF39CD298D4CC6006E782C /* RequestType.swift */; };
		7DFF39D0298D4F1A006E782C /* Network.swift in Sources */ = {isa = PBXBuildFile; fileRef = 7DFF39CF298D4F1A006E782C /* Network.swift */; };
/* End PBXBuildFile section */

/* Begin PBXFileReference section */
		7D73A8C3298C167E001D9C1F /* Product.swift */ = {isa = PBXFileReference; lastKnownFileType = sourcecode.swift; path = Product.swift; sourceTree = "<group>"; };
		7D856141298AAA70007FF7C1 /* UIKit Programmatically.app */ = {isa = PBXFileReference; explicitFileType = wrapper.application; includeInIndex = 0; path = "UIKit Programmatically.app"; sourceTree = BUILT_PRODUCTS_DIR; };
		7D856144298AAA70007FF7C1 /* AppDelegate.swift */ = {isa = PBXFileReference; lastKnownFileType = sourcecode.swift; path = AppDelegate.swift; sourceTree = "<group>"; };
		7D856146298AAA70007FF7C1 /* SceneDelegate.swift */ = {isa = PBXFileReference; lastKnownFileType = sourcecode.swift; path = SceneDelegate.swift; sourceTree = "<group>"; };
		7D856148298AAA70007FF7C1 /* HomePageViewController.swift */ = {isa = PBXFileReference; lastKnownFileType = sourcecode.swift; path = HomePageViewController.swift; sourceTree = "<group>"; };
		7D85614D298AAA70007FF7C1 /* Assets.xcassets */ = {isa = PBXFileReference; lastKnownFileType = folder.assetcatalog; path = Assets.xcassets; sourceTree = "<group>"; };
		7D856150298AAA70007FF7C1 /* Base */ = {isa = PBXFileReference; lastKnownFileType = file.storyboard; name = Base; path = Base.lproj/LaunchScreen.storyboard; sourceTree = "<group>"; };
		7D856152298AAA70007FF7C1 /* Info.plist */ = {isa = PBXFileReference; lastKnownFileType = text.plist.xml; path = Info.plist; sourceTree = "<group>"; };
		7D85615F298AF461007FF7C1 /* CollectionViewCell.swift */ = {isa = PBXFileReference; lastKnownFileType = sourcecode.swift; path = CollectionViewCell.swift; sourceTree = "<group>"; };
		7DB136D6298D05B000C222AB /* DetailViewController.swift */ = {isa = PBXFileReference; lastKnownFileType = sourcecode.swift; path = DetailViewController.swift; sourceTree = "<group>"; };
		7DB136DD298D167300C222AB /* Extension+UI.swift */ = {isa = PBXFileReference; lastKnownFileType = sourcecode.swift; path = "Extension+UI.swift"; sourceTree = "<group>"; };
		7DBECD50298EA7020048AD61 /* CategoryViewController.swift */ = {isa = PBXFileReference; lastKnownFileType = sourcecode.swift; path = CategoryViewController.swift; sourceTree = "<group>"; };
		7DBECD58298EB4770048AD61 /* CategoryTableViewCell.swift */ = {isa = PBXFileReference; lastKnownFileType = sourcecode.swift; path = CategoryTableViewCell.swift; sourceTree = "<group>"; };
		7DFF39CD298D4CC6006E782C /* RequestType.swift */ = {isa = PBXFileReference; lastKnownFileType = sourcecode.swift; path = RequestType.swift; sourceTree = "<group>"; };
		7DFF39CF298D4F1A006E782C /* Network.swift */ = {isa = PBXFileReference; lastKnownFileType = sourcecode.swift; path = Network.swift; sourceTree = "<group>"; };
/* End PBXFileReference section */

/* Begin PBXFrameworksBuildPhase section */
		7D85613E298AAA70007FF7C1 /* Frameworks */ = {
			isa = PBXFrameworksBuildPhase;
			buildActionMask = 2147483647;
			files = (
				7D73A8BB298BE58F001D9C1F /* Kingfisher in Frameworks */,
				7D85615E298ACC32007FF7C1 /* RxSwift in Frameworks */,
				7D85615C298ACC32007FF7C1 /* RxCocoa in Frameworks */,
			);
			runOnlyForDeploymentPostprocessing = 0;
		};
/* End PBXFrameworksBuildPhase section */

/* Begin PBXGroup section */
		7D73A8C0298C1651001D9C1F /* view */ = {
			isa = PBXGroup;
			children = (
				7D73A8C1298C1663001D9C1F /* cell */,
				7D856148298AAA70007FF7C1 /* HomePageViewController.swift */,
			);
			path = view;
			sourceTree = "<group>";
		};
		7D73A8C1298C1663001D9C1F /* cell */ = {
			isa = PBXGroup;
			children = (
				7D85615F298AF461007FF7C1 /* CollectionViewCell.swift */,
			);
			path = cell;
			sourceTree = "<group>";
		};
		7D73A8C2298C1670001D9C1F /* model */ = {
			isa = PBXGroup;
			children = (
				7D73A8C3298C167E001D9C1F /* Product.swift */,
			);
			path = model;
			sourceTree = "<group>";
		};
		7D73A8EA298D045C001D9C1F /* Resources */ = {
			isa = PBXGroup;
			children = (
				7D85614D298AAA70007FF7C1 /* Assets.xcassets */,
			);
			path = Resources;
			sourceTree = "<group>";
		};
		7D73A8EB298D0470001D9C1F /* App */ = {
			isa = PBXGroup;
			children = (
				7D856144298AAA70007FF7C1 /* AppDelegate.swift */,
				7D856146298AAA70007FF7C1 /* SceneDelegate.swift */,
			);
			path = App;
			sourceTree = "<group>";
		};
		7D73A8EC298D04A5001D9C1F /* Scene */ = {
			isa = PBXGroup;
			children = (
				7DBECD4F298EA6E10048AD61 /* CategoryPage */,
				7DB136DA298D127900C222AB /* Extension */,
				7DB136D5298D059000C222AB /* DetailPage */,
				7D73A8ED298D04BB001D9C1F /* HomePage */,
			);
			path = Scene;
			sourceTree = "<group>";
		};
		7D73A8ED298D04BB001D9C1F /* HomePage */ = {
			isa = PBXGroup;
			children = (
				7D73A8C2298C1670001D9C1F /* model */,
				7D73A8C0298C1651001D9C1F /* view */,
			);
			path = HomePage;
			sourceTree = "<group>";
		};
		7D856138298AAA70007FF7C1 = {
			isa = PBXGroup;
			children = (
				7D856143298AAA70007FF7C1 /* UIKit Programmatically */,
				7D856142298AAA70007FF7C1 /* Products */,
			);
			sourceTree = "<group>";
		};
		7D856142298AAA70007FF7C1 /* Products */ = {
			isa = PBXGroup;
			children = (
				7D856141298AAA70007FF7C1 /* UIKit Programmatically.app */,
			);
			name = Products;
			sourceTree = "<group>";
		};
		7D856143298AAA70007FF7C1 /* UIKit Programmatically */ = {
			isa = PBXGroup;
			children = (
				7DFF39CC298D4C22006E782C /* Service */,
				7D73A8EC298D04A5001D9C1F /* Scene */,
				7D73A8EB298D0470001D9C1F /* App */,
				7D73A8EA298D045C001D9C1F /* Resources */,
				7D85614F298AAA70007FF7C1 /* LaunchScreen.storyboard */,
				7D856152298AAA70007FF7C1 /* Info.plist */,
			);
			path = "UIKit Programmatically";
			sourceTree = "<group>";
		};
		7DB136D5298D059000C222AB /* DetailPage */ = {
			isa = PBXGroup;
			children = (
				7DB136D6298D05B000C222AB /* DetailViewController.swift */,
			);
			path = DetailPage;
			sourceTree = "<group>";
		};
		7DB136DA298D127900C222AB /* Extension */ = {
			isa = PBXGroup;
			children = (
				7DB136DD298D167300C222AB /* Extension+UI.swift */,
			);
			path = Extension;
			sourceTree = "<group>";
		};
		7DBECD4F298EA6E10048AD61 /* CategoryPage */ = {
			isa = PBXGroup;
			children = (
				7DBECD52298EAF760048AD61 /* view */,
			);
			path = CategoryPage;
			sourceTree = "<group>";
		};
		7DBECD52298EAF760048AD61 /* view */ = {
			isa = PBXGroup;
			children = (
				7DBECD57298EB45C0048AD61 /* cell */,
				7DBECD50298EA7020048AD61 /* CategoryViewController.swift */,
			);
			path = view;
			sourceTree = "<group>";
		};
		7DBECD57298EB45C0048AD61 /* cell */ = {
			isa = PBXGroup;
			children = (
				7DBECD58298EB4770048AD61 /* CategoryTableViewCell.swift */,
			);
			path = cell;
			sourceTree = "<group>";
		};
		7DFF39CC298D4C22006E782C /* Service */ = {
			isa = PBXGroup;
			children = (
				7DFF39CD298D4CC6006E782C /* RequestType.swift */,
				7DFF39CF298D4F1A006E782C /* Network.swift */,
			);
			path = Service;
			sourceTree = "<group>";
		};
/* End PBXGroup section */

/* Begin PBXNativeTarget section */
		7D856140298AAA70007FF7C1 /* UIKit Programmatically */ = {
			isa = PBXNativeTarget;
			buildConfigurationList = 7D856155298AAA70007FF7C1 /* Build configuration list for PBXNativeTarget "UIKit Programmatically" */;
			buildPhases = (
				7D85613D298AAA70007FF7C1 /* Sources */,
				7D85613E298AAA70007FF7C1 /* Frameworks */,
				7D85613F298AAA70007FF7C1 /* Resources */,
			);
			buildRules = (
			);
			dependencies = (
			);
			name = "UIKit Programmatically";
			packageProductDependencies = (
				7D85615B298ACC32007FF7C1 /* RxCocoa */,
				7D85615D298ACC32007FF7C1 /* RxSwift */,
				7D73A8BA298BE58F001D9C1F /* Kingfisher */,
			);
			productName = "UIKit Programmatically";
			productReference = 7D856141298AAA70007FF7C1 /* UIKit Programmatically.app */;
			productType = "com.apple.product-type.application";
		};
/* End PBXNativeTarget section */

/* Begin PBXProject section */
		7D856139298AAA70007FF7C1 /* Project object */ = {
			isa = PBXProject;
			attributes = {
				BuildIndependentTargetsInParallel = 1;
				LastSwiftUpdateCheck = 1400;
				LastUpgradeCheck = 1400;
				TargetAttributes = {
					7D856140298AAA70007FF7C1 = {
						CreatedOnToolsVersion = 14.0.1;
					};
				};
			};
			buildConfigurationList = 7D85613C298AAA70007FF7C1 /* Build configuration list for PBXProject "UIKit Programmatically" */;
			compatibilityVersion = "Xcode 14.0";
			developmentRegion = en;
			hasScannedForEncodings = 0;
			knownRegions = (
				en,
				Base,
			);
			mainGroup = 7D856138298AAA70007FF7C1;
			packageReferences = (
				7D85615A298ACC32007FF7C1 /* XCRemoteSwiftPackageReference "RxSwift" */,
				7D73A8B9298BE58F001D9C1F /* XCRemoteSwiftPackageReference "Kingfisher" */,
				7DFF39C9298D4C12006E782C /* XCRemoteSwiftPackageReference "siesta" */,
			);
			productRefGroup = 7D856142298AAA70007FF7C1 /* Products */;
			projectDirPath = "";
			projectRoot = "";
			targets = (
				7D856140298AAA70007FF7C1 /* UIKit Programmatically */,
			);
		};
/* End PBXProject section */

/* Begin PBXResourcesBuildPhase section */
		7D85613F298AAA70007FF7C1 /* Resources */ = {
			isa = PBXResourcesBuildPhase;
			buildActionMask = 2147483647;
			files = (
				7D856151298AAA70007FF7C1 /* LaunchScreen.storyboard in Resources */,
				7D85614E298AAA70007FF7C1 /* Assets.xcassets in Resources */,
			);
			runOnlyForDeploymentPostprocessing = 0;
		};
/* End PBXResourcesBuildPhase section */

/* Begin PBXSourcesBuildPhase section */
		7D85613D298AAA70007FF7C1 /* Sources */ = {
			isa = PBXSourcesBuildPhase;
			buildActionMask = 2147483647;
			files = (
				7D856149298AAA70007FF7C1 /* HomePageViewController.swift in Sources */,
				7D856145298AAA70007FF7C1 /* AppDelegate.swift in Sources */,
				7D73A8C4298C167E001D9C1F /* Product.swift in Sources */,
				7DB136DE298D167300C222AB /* Extension+UI.swift in Sources */,
				7DB136D7298D05B000C222AB /* DetailViewController.swift in Sources */,
				7DFF39D0298D4F1A006E782C /* Network.swift in Sources */,
				7DBECD59298EB4770048AD61 /* CategoryTableViewCell.swift in Sources */,
				7D856160298AF461007FF7C1 /* CollectionViewCell.swift in Sources */,
				7DBECD51298EA7020048AD61 /* CategoryViewController.swift in Sources */,
				7D856147298AAA70007FF7C1 /* SceneDelegate.swift in Sources */,
				7DFF39CE298D4CC6006E782C /* RequestType.swift in Sources */,
			);
			runOnlyForDeploymentPostprocessing = 0;
		};
/* End PBXSourcesBuildPhase section */

/* Begin PBXVariantGroup section */
		7D85614F298AAA70007FF7C1 /* LaunchScreen.storyboard */ = {
			isa = PBXVariantGroup;
			children = (
				7D856150298AAA70007FF7C1 /* Base */,
			);
			name = LaunchScreen.storyboard;
			sourceTree = "<group>";
		};
/* End PBXVariantGroup section */

/* Begin XCBuildConfiguration section */
		7D856153298AAA70007FF7C1 /* Debug */ = {
			isa = XCBuildConfiguration;
			buildSettings = {
				ALWAYS_SEARCH_USER_PATHS = NO;
				CLANG_ANALYZER_NONNULL = YES;
				CLANG_ANALYZER_NUMBER_OBJECT_CONVERSION = YES_AGGRESSIVE;
				CLANG_CXX_LANGUAGE_STANDARD = "gnu++20";
				CLANG_ENABLE_MODULES = YES;
				CLANG_ENABLE_OBJC_ARC = YES;
				CLANG_ENABLE_OBJC_WEAK = YES;
				CLANG_WARN_BLOCK_CAPTURE_AUTORELEASING = YES;
				CLANG_WARN_BOOL_CONVERSION = YES;
				CLANG_WARN_COMMA = YES;
				CLANG_WARN_CONSTANT_CONVERSION = YES;
				CLANG_WARN_DEPRECATED_OBJC_IMPLEMENTATIONS = YES;
				CLANG_WARN_DIRECT_OBJC_ISA_USAGE = YES_ERROR;
				CLANG_WARN_DOCUMENTATION_COMMENTS = YES;
				CLANG_WARN_EMPTY_BODY = YES;
				CLANG_WARN_ENUM_CONVERSION = YES;
				CLANG_WARN_INFINITE_RECURSION = YES;
				CLANG_WARN_INT_CONVERSION = YES;
				CLANG_WARN_NON_LITERAL_NULL_CONVERSION = YES;
				CLANG_WARN_OBJC_IMPLICIT_RETAIN_SELF = YES;
				CLANG_WARN_OBJC_LITERAL_CONVERSION = YES;
				CLANG_WARN_OBJC_ROOT_CLASS = YES_ERROR;
				CLANG_WARN_QUOTED_INCLUDE_IN_FRAMEWORK_HEADER = YES;
				CLANG_WARN_RANGE_LOOP_ANALYSIS = YES;
				CLANG_WARN_STRICT_PROTOTYPES = YES;
				CLANG_WARN_SUSPICIOUS_MOVE = YES;
				CLANG_WARN_UNGUARDED_AVAILABILITY = YES_AGGRESSIVE;
				CLANG_WARN_UNREACHABLE_CODE = YES;
				CLANG_WARN__DUPLICATE_METHOD_MATCH = YES;
				COPY_PHASE_STRIP = NO;
				DEBUG_INFORMATION_FORMAT = dwarf;
				ENABLE_STRICT_OBJC_MSGSEND = YES;
				ENABLE_TESTABILITY = YES;
				GCC_C_LANGUAGE_STANDARD = gnu11;
				GCC_DYNAMIC_NO_PIC = NO;
				GCC_NO_COMMON_BLOCKS = YES;
				GCC_OPTIMIZATION_LEVEL = 0;
				GCC_PREPROCESSOR_DEFINITIONS = (
					"DEBUG=1",
					"$(inherited)",
				);
				GCC_WARN_64_TO_32_BIT_CONVERSION = YES;
				GCC_WARN_ABOUT_RETURN_TYPE = YES_ERROR;
				GCC_WARN_UNDECLARED_SELECTOR = YES;
				GCC_WARN_UNINITIALIZED_AUTOS = YES_AGGRESSIVE;
				GCC_WARN_UNUSED_FUNCTION = YES;
				GCC_WARN_UNUSED_VARIABLE = YES;
				IPHONEOS_DEPLOYMENT_TARGET = 16.0;
				MTL_ENABLE_DEBUG_INFO = INCLUDE_SOURCE;
				MTL_FAST_MATH = YES;
				ONLY_ACTIVE_ARCH = YES;
				SDKROOT = iphoneos;
				SWIFT_ACTIVE_COMPILATION_CONDITIONS = DEBUG;
				SWIFT_OPTIMIZATION_LEVEL = "-Onone";
			};
			name = Debug;
		};
		7D856154298AAA70007FF7C1 /* Release */ = {
			isa = XCBuildConfiguration;
			buildSettings = {
				ALWAYS_SEARCH_USER_PATHS = NO;
				CLANG_ANALYZER_NONNULL = YES;
				CLANG_ANALYZER_NUMBER_OBJECT_CONVERSION = YES_AGGRESSIVE;
				CLANG_CXX_LANGUAGE_STANDARD = "gnu++20";
				CLANG_ENABLE_MODULES = YES;
				CLANG_ENABLE_OBJC_ARC = YES;
				CLANG_ENABLE_OBJC_WEAK = YES;
				CLANG_WARN_BLOCK_CAPTURE_AUTORELEASING = YES;
				CLANG_WARN_BOOL_CONVERSION = YES;
				CLANG_WARN_COMMA = YES;
				CLANG_WARN_CONSTANT_CONVERSION = YES;
				CLANG_WARN_DEPRECATED_OBJC_IMPLEMENTATIONS = YES;
				CLANG_WARN_DIRECT_OBJC_ISA_USAGE = YES_ERROR;
				CLANG_WARN_DOCUMENTATION_COMMENTS = YES;
				CLANG_WARN_EMPTY_BODY = YES;
				CLANG_WARN_ENUM_CONVERSION = YES;
				CLANG_WARN_INFINITE_RECURSION = YES;
				CLANG_WARN_INT_CONVERSION = YES;
				CLANG_WARN_NON_LITERAL_NULL_CONVERSION = YES;
				CLANG_WARN_OBJC_IMPLICIT_RETAIN_SELF = YES;
				CLANG_WARN_OBJC_LITERAL_CONVERSION = YES;
				CLANG_WARN_OBJC_ROOT_CLASS = YES_ERROR;
				CLANG_WARN_QUOTED_INCLUDE_IN_FRAMEWORK_HEADER = YES;
				CLANG_WARN_RANGE_LOOP_ANALYSIS = YES;
				CLANG_WARN_STRICT_PROTOTYPES = YES;
				CLANG_WARN_SUSPICIOUS_MOVE = YES;
				CLANG_WARN_UNGUARDED_AVAILABILITY = YES_AGGRESSIVE;
				CLANG_WARN_UNREACHABLE_CODE = YES;
				CLANG_WARN__DUPLICATE_METHOD_MATCH = YES;
				COPY_PHASE_STRIP = NO;
				DEBUG_INFORMATION_FORMAT = "dwarf-with-dsym";
				ENABLE_NS_ASSERTIONS = NO;
				ENABLE_STRICT_OBJC_MSGSEND = YES;
				GCC_C_LANGUAGE_STANDARD = gnu11;
				GCC_NO_COMMON_BLOCKS = YES;
				GCC_WARN_64_TO_32_BIT_CONVERSION = YES;
				GCC_WARN_ABOUT_RETURN_TYPE = YES_ERROR;
				GCC_WARN_UNDECLARED_SELECTOR = YES;
				GCC_WARN_UNINITIALIZED_AUTOS = YES_AGGRESSIVE;
				GCC_WARN_UNUSED_FUNCTION = YES;
				GCC_WARN_UNUSED_VARIABLE = YES;
				IPHONEOS_DEPLOYMENT_TARGET = 16.0;
				MTL_ENABLE_DEBUG_INFO = NO;
				MTL_FAST_MATH = YES;
				SDKROOT = iphoneos;
				SWIFT_COMPILATION_MODE = wholemodule;
				SWIFT_OPTIMIZATION_LEVEL = "-O";
				VALIDATE_PRODUCT = YES;
			};
			name = Release;
		};
		7D856156298AAA70007FF7C1 /* Debug */ = {
			isa = XCBuildConfiguration;
			buildSettings = {
				ASSETCATALOG_COMPILER_APPICON_NAME = AppIcon;
				ASSETCATALOG_COMPILER_GLOBAL_ACCENT_COLOR_NAME = AccentColor;
				CODE_SIGN_STYLE = Automatic;
				CURRENT_PROJECT_VERSION = 1;
				DEVELOPMENT_TEAM = 34G99QRS57;
				GENERATE_INFOPLIST_FILE = YES;
				INFOPLIST_FILE = "UIKit Programmatically/Info.plist";
				INFOPLIST_KEY_UIApplicationSupportsIndirectInputEvents = YES;
				INFOPLIST_KEY_UILaunchStoryboardName = LaunchScreen;
				INFOPLIST_KEY_UISupportedInterfaceOrientations_iPad = "UIInterfaceOrientationPortrait UIInterfaceOrientationPortraitUpsideDown UIInterfaceOrientationLandscapeLeft UIInterfaceOrientationLandscapeRight";
				INFOPLIST_KEY_UISupportedInterfaceOrientations_iPhone = "UIInterfaceOrientationPortrait UIInterfaceOrientationLandscapeLeft UIInterfaceOrientationLandscapeRight";
				LD_RUNPATH_SEARCH_PATHS = (
					"$(inherited)",
					"@executable_path/Frameworks",
				);
				MARKETING_VERSION = 1.0;
				PRODUCT_BUNDLE_IDENTIFIER = "com.engingulek.UIKit-Programmatically";
				PRODUCT_NAME = "$(TARGET_NAME)";
				SWIFT_EMIT_LOC_STRINGS = YES;
				SWIFT_VERSION = 5.0;
				TARGETED_DEVICE_FAMILY = "1,2";
			};
			name = Debug;
		};
		7D856157298AAA70007FF7C1 /* Release */ = {
			isa = XCBuildConfiguration;
			buildSettings = {
				ASSETCATALOG_COMPILER_APPICON_NAME = AppIcon;
				ASSETCATALOG_COMPILER_GLOBAL_ACCENT_COLOR_NAME = AccentColor;
				CODE_SIGN_STYLE = Automatic;
				CURRENT_PROJECT_VERSION = 1;
				DEVELOPMENT_TEAM = 34G99QRS57;
				GENERATE_INFOPLIST_FILE = YES;
				INFOPLIST_FILE = "UIKit Programmatically/Info.plist";
				INFOPLIST_KEY_UIApplicationSupportsIndirectInputEvents = YES;
				INFOPLIST_KEY_UILaunchStoryboardName = LaunchScreen;
				INFOPLIST_KEY_UISupportedInterfaceOrientations_iPad = "UIInterfaceOrientationPortrait UIInterfaceOrientationPortraitUpsideDown UIInterfaceOrientationLandscapeLeft UIInterfaceOrientationLandscapeRight";
				INFOPLIST_KEY_UISupportedInterfaceOrientations_iPhone = "UIInterfaceOrientationPortrait UIInterfaceOrientationLandscapeLeft UIInterfaceOrientationLandscapeRight";
				LD_RUNPATH_SEARCH_PATHS = (
					"$(inherited)",
					"@executable_path/Frameworks",
				);
				MARKETING_VERSION = 1.0;
				PRODUCT_BUNDLE_IDENTIFIER = "com.engingulek.UIKit-Programmatically";
				PRODUCT_NAME = "$(TARGET_NAME)";
				SWIFT_EMIT_LOC_STRINGS = YES;
				SWIFT_VERSION = 5.0;
				TARGETED_DEVICE_FAMILY = "1,2";
			};
			name = Release;
		};
/* End XCBuildConfiguration section */

/* Begin XCConfigurationList section */
		7D85613C298AAA70007FF7C1 /* Build configuration list for PBXProject "UIKit Programmatically" */ = {
			isa = XCConfigurationList;
			buildConfigurations = (
				7D856153298AAA70007FF7C1 /* Debug */,
				7D856154298AAA70007FF7C1 /* Release */,
			);
			defaultConfigurationIsVisible = 0;
			defaultConfigurationName = Release;
		};
		7D856155298AAA70007FF7C1 /* Build configuration list for PBXNativeTarget "UIKit Programmatically" */ = {
			isa = XCConfigurationList;
			buildConfigurations = (
				7D856156298AAA70007FF7C1 /* Debug */,
				7D856157298AAA70007FF7C1 /* Release */,
			);
			defaultConfigurationIsVisible = 0;
			defaultConfigurationName = Release;
		};
/* End XCConfigurationList section */

/* Begin XCRemoteSwiftPackageReference section */
		7D73A8B9298BE58F001D9C1F /* XCRemoteSwiftPackageReference "Kingfisher" */ = {
			isa = XCRemoteSwiftPackageReference;
			repositoryURL = "https://github.com/onevcat/Kingfisher.git";
			requirement = {
				branch = master;
				kind = branch;
			};
		};
		7D85615A298ACC32007FF7C1 /* XCRemoteSwiftPackageReference "RxSwift" */ = {
			isa = XCRemoteSwiftPackageReference;
			repositoryURL = "https://github.com/ReactiveX/RxSwift.git";
			requirement = {
				branch = main;
				kind = branch;
			};
		};
		7DFF39C9298D4C12006E782C /* XCRemoteSwiftPackageReference "siesta" */ = {
			isa = XCRemoteSwiftPackageReference;
			repositoryURL = "https://github.com/bustoutsolutions/siesta";
			requirement = {
				branch = main;
				kind = branch;
			};
		};
/* End XCRemoteSwiftPackageReference section */

/* Begin XCSwiftPackageProductDependency section */
		7D73A8BA298BE58F001D9C1F /* Kingfisher */ = {
			isa = XCSwiftPackageProductDependency;
			package = 7D73A8B9298BE58F001D9C1F /* XCRemoteSwiftPackageReference "Kingfisher" */;
			productName = Kingfisher;
		};
		7D85615B298ACC32007FF7C1 /* RxCocoa */ = {
			isa = XCSwiftPackageProductDependency;
			package = 7D85615A298ACC32007FF7C1 /* XCRemoteSwiftPackageReference "RxSwift" */;
			productName = RxCocoa;
		};
		7D85615D298ACC32007FF7C1 /* RxSwift */ = {
			isa = XCSwiftPackageProductDependency;
			package = 7D85615A298ACC32007FF7C1 /* XCRemoteSwiftPackageReference "RxSwift" */;
			productName = RxSwift;
		};
/* End XCSwiftPackageProductDependency section */
	};
	rootObject = 7D856139298AAA70007FF7C1 /* Project object */;
}
